
Microsoft Visual Studio Solution File, Format Version 12.00
# Visual Studio Version 17
VisualStudioVersion = 17.9.34714.143
MinimumVisualStudioVersion = 10.0.40219.1
Project("{9A19103F-16F7-4668-BE54-9A1E7A4F7556}") = "Buoi51", "Buoi5\Buoi51.csproj", "{0A61534B-7AAC-4B34-BBCF-C2EEA8A46BD5}"
EndProject
Global
	GlobalSection(SolutionConfigurationPlatforms) = preSolution
		Debug|Any CPU = Debug|Any CPU
		Release|Any CPU = Release|Any CPU
	EndGlobalSection
	GlobalSection(ProjectConfigurationPlatforms) = postSolution
		{0A61534B-7AAC-4B34-BBCF-C2EEA8A46BD5}.Debug|Any CPU.ActiveCfg = Debug|Any CPU
		{0A61534B-7AAC-4B34-BBCF-C2EEA8A46BD5}.Debug|Any CPU.Build.0 = Debug|Any CPU
		{0A61534B-7AAC-4B34-BBCF-C2EEA8A46BD5}.Release|Any CPU.ActiveCfg = Release|Any CPU
		{0A61534B-7AAC-4B34-BBCF-C2EEA8A46BD5}.Release|Any CPU.Build.0 = Release|Any CPU
	EndGlobalSection
	GlobalSection(SolutionProperties) = preSolution
		HideSolutionNode = FALSE
	EndGlobalSection
	GlobalSection(ExtensibilityGlobals) = postSolution
		SolutionGuid = {0BEA10B1-67BD-4F57-91E2-3F15A1CF848E}
	EndGlobalSection
EndGlobal
